
Microsoft Visual Studio Solution File, Format Version 12.00
# Visual Studio Version 16
VisualStudioVersion = 16.0.30413.136
MinimumVisualStudioVersion = 10.0.40219.1
Project("{FAE04EC0-301F-11D3-BF4B-00C04F79EFBC}") = "Csharp programesanas todo kalendars", "Csharp programesanas todo kalendars\Csharp programesanas todo kalendars.csproj", "{A0E36812-29DE-4DBF-BC74-ECFB78F29989}"
EndProject
Global
	GlobalSection(SolutionConfigurationPlatforms) = preSolution
		Debug|Any CPU = Debug|Any CPU
		Release|Any CPU = Release|Any CPU
	EndGlobalSection
	GlobalSection(ProjectConfigurationPlatforms) = postSolution
		{A0E36812-29DE-4DBF-BC74-ECFB78F29989}.Debug|Any CPU.ActiveCfg = Debug|Any CPU
		{A0E36812-29DE-4DBF-BC74-ECFB78F29989}.Debug|Any CPU.Build.0 = Debug|Any CPU
		{A0E36812-29DE-4DBF-BC74-ECFB78F29989}.Release|Any CPU.ActiveCfg = Release|Any CPU
		{A0E36812-29DE-4DBF-BC74-ECFB78F29989}.Release|Any CPU.Build.0 = Release|Any CPU
	EndGlobalSection
	GlobalSection(SolutionProperties) = preSolution
		HideSolutionNode = FALSE
	EndGlobalSection
	GlobalSection(ExtensibilityGlobals) = postSolution
		SolutionGuid = {45243FC8-FD58-4A24-A97A-0E304D811AA8}
	EndGlobalSection
EndGlobal
